// !$*UTF8*$!
{
	archiveVersion = 1;
	classes = {
	};
	objectVersion = 55;
	objects = {

/* Begin PBXBuildFile section */
		946CEFE5281AC1BE0072CC03 /* TaskManagementApp.swift in Sources */ = {isa = PBXBuildFile; fileRef = 946CEFE4281AC1BE0072CC03 /* TaskManagementApp.swift */; };
		946CEFE7281AC1BE0072CC03 /* ContentView.swift in Sources */ = {isa = PBXBuildFile; fileRef = 946CEFE6281AC1BE0072CC03 /* ContentView.swift */; };
		946CEFE9281AC1C00072CC03 /* Assets.xcassets in Resources */ = {isa = PBXBuildFile; fileRef = 946CEFE8281AC1C00072CC03 /* Assets.xcassets */; };
		946CEFEC281AC1C00072CC03 /* Preview Assets.xcassets in Resources */ = {isa = PBXBuildFile; fileRef = 946CEFEB281AC1C00072CC03 /* Preview Assets.xcassets */; };
		946CEFEE281AC1C00072CC03 /* Persistence.swift in Sources */ = {isa = PBXBuildFile; fileRef = 946CEFED281AC1C00072CC03 /* Persistence.swift */; };
		946CEFF1281AC1C00072CC03 /* TaskManagement.xcdatamodeld in Sources */ = {isa = PBXBuildFile; fileRef = 946CEFEF281AC1C00072CC03 /* TaskManagement.xcdatamodeld */; };
		946CEFFD281AC20A0072CC03 /* TaskViewModel.swift in Sources */ = {isa = PBXBuildFile; fileRef = 946CEFF8281AC2090072CC03 /* TaskViewModel.swift */; };
		946CEFFE281AC20A0072CC03 /* ViewExtension.swift in Sources */ = {isa = PBXBuildFile; fileRef = 946CEFFA281AC20A0072CC03 /* ViewExtension.swift */; };
		946CEFFF281AC20A0072CC03 /* HomeView.swift in Sources */ = {isa = PBXBuildFile; fileRef = 946CEFFC281AC20A0072CC03 /* HomeView.swift */; };
		946CF001281AC83B0072CC03 /* DynamicFilteredView.swift in Sources */ = {isa = PBXBuildFile; fileRef = 946CF000281AC83B0072CC03 /* DynamicFilteredView.swift */; };
		946CF003281ACC230072CC03 /* NewTaskView.swift in Sources */ = {isa = PBXBuildFile; fileRef = 946CF002281ACC230072CC03 /* NewTaskView.swift */; };
/* End PBXBuildFile section */

/* Begin PBXFileReference section */
		946CEFE1281AC1BE0072CC03 /* TaskManagement.app */ = {isa = PBXFileReference; explicitFileType = wrapper.application; includeInIndex = 0; path = TaskManagement.app; sourceTree = BUILT_PRODUCTS_DIR; };
		946CEFE4281AC1BE0072CC03 /* TaskManagementApp.swift */ = {isa = PBXFileReference; lastKnownFileType = sourcecode.swift; path = TaskManagementApp.swift; sourceTree = "<group>"; };
		946CEFE6281AC1BE0072CC03 /* ContentView.swift */ = {isa = PBXFileReference; lastKnownFileType = sourcecode.swift; path = ContentView.swift; sourceTree = "<group>"; };
		946CEFE8281AC1C00072CC03 /* Assets.xcassets */ = {isa = PBXFileReference; lastKnownFileType = folder.assetcatalog; path = Assets.xcassets; sourceTree = "<group>"; };
		946CEFEB281AC1C00072CC03 /* Preview Assets.xcassets */ = {isa = PBXFileReference; lastKnownFileType = folder.assetcatalog; path = "Preview Assets.xcassets"; sourceTree = "<group>"; };
		946CEFED281AC1C00072CC03 /* Persistence.swift */ = {isa = PBXFileReference; lastKnownFileType = sourcecode.swift; path = Persistence.swift; sourceTree = "<group>"; };
		946CEFF0281AC1C00072CC03 /* TaskManagement.xcdatamodel */ = {isa = PBXFileReference; lastKnownFileType = wrapper.xcdatamodel; path = TaskManagement.xcdatamodel; sourceTree = "<group>"; };
		946CEFF8281AC2090072CC03 /* TaskViewModel.swift */ = {isa = PBXFileReference; fileEncoding = 4; lastKnownFileType = sourcecode.swift; path = TaskViewModel.swift; sourceTree = "<group>"; };
		946CEFFA281AC20A0072CC03 /* ViewExtension.swift */ = {isa = PBXFileReference; fileEncoding = 4; lastKnownFileType = sourcecode.swift; path = ViewExtension.swift; sourceTree = "<group>"; };
		946CEFFC281AC20A0072CC03 /* HomeView.swift */ = {isa = PBXFileReference; fileEncoding = 4; lastKnownFileType = sourcecode.swift; path = HomeView.swift; sourceTree = "<group>"; };
		946CF000281AC83B0072CC03 /* DynamicFilteredView.swift */ = {isa = PBXFileReference; lastKnownFileType = sourcecode.swift; path = DynamicFilteredView.swift; sourceTree = "<group>"; };
		946CF002281ACC230072CC03 /* NewTaskView.swift */ = {isa = PBXFileReference; lastKnownFileType = sourcecode.swift; path = NewTaskView.swift; sourceTree = "<group>"; };
/* End PBXFileReference section */

/* Begin PBXFrameworksBuildPhase section */
		946CEFDE281AC1BE0072CC03 /* Frameworks */ = {
			isa = PBXFrameworksBuildPhase;
			buildActionMask = 2147483647;
			files = (
			);
			runOnlyForDeploymentPostprocessing = 0;
		};
/* End PBXFrameworksBuildPhase section */

/* Begin PBXGroup section */
		946CEFD8281AC1BE0072CC03 = {
			isa = PBXGroup;
			children = (
				946CEFE3281AC1BE0072CC03 /* TaskManagement */,
				946CEFE2281AC1BE0072CC03 /* Products */,
			);
			sourceTree = "<group>";
		};
		946CEFE2281AC1BE0072CC03 /* Products */ = {
			isa = PBXGroup;
			children = (
				946CEFE1281AC1BE0072CC03 /* TaskManagement.app */,
			);
			name = Products;
			sourceTree = "<group>";
		};
		946CEFE3281AC1BE0072CC03 /* TaskManagement */ = {
			isa = PBXGroup;
			children = (
				946CEFF9281AC20A0072CC03 /* Extensions */,
				946CEFF7281AC2090072CC03 /* ViewModel */,
				946CEFFB281AC20A0072CC03 /* Views */,
				946CEFE4281AC1BE0072CC03 /* TaskManagementApp.swift */,
				946CEFE6281AC1BE0072CC03 /* ContentView.swift */,
				946CEFE8281AC1C00072CC03 /* Assets.xcassets */,
				946CEFED281AC1C00072CC03 /* Persistence.swift */,
				946CEFEF281AC1C00072CC03 /* TaskManagement.xcdatamodeld */,
				946CEFEA281AC1C00072CC03 /* Preview Content */,
			);
			path = TaskManagement;
			sourceTree = "<group>";
		};
		946CEFEA281AC1C00072CC03 /* Preview Content */ = {
			isa = PBXGroup;
			children = (
				946CEFEB281AC1C00072CC03 /* Preview Assets.xcassets */,
			);
			path = "Preview Content";
			sourceTree = "<group>";
		};
		946CEFF7281AC2090072CC03 /* ViewModel */ = {
			isa = PBXGroup;
			children = (
				946CEFF8281AC2090072CC03 /* TaskViewModel.swift */,
			);
			path = ViewModel;
			sourceTree = "<group>";
		};
		946CEFF9281AC20A0072CC03 /* Extensions */ = {
			isa = PBXGroup;
			children = (
				946CEFFA281AC20A0072CC03 /* ViewExtension.swift */,
			);
			path = Extensions;
			sourceTree = "<group>";
		};
		946CEFFB281AC20A0072CC03 /* Views */ = {
			isa = PBXGroup;
			children = (
				946CEFFC281AC20A0072CC03 /* HomeView.swift */,
				946CF002281ACC230072CC03 /* NewTaskView.swift */,
				946CF000281AC83B0072CC03 /* DynamicFilteredView.swift */,
			);
			path = Views;
			sourceTree = "<group>";
		};
/* End PBXGroup section */

/* Begin PBXNativeTarget section */
		946CEFE0281AC1BE0072CC03 /* TaskManagement */ = {
			isa = PBXNativeTarget;
			buildConfigurationList = 946CEFF4281AC1C00072CC03 /* Build configuration list for PBXNativeTarget "TaskManagement" */;
			buildPhases = (
				946CEFDD281AC1BE0072CC03 /* Sources */,
				946CEFDE281AC1BE0072CC03 /* Frameworks */,
				946CEFDF281AC1BE0072CC03 /* Resources */,
			);
			buildRules = (
			);
			dependencies = (
			);
			name = TaskManagement;
			productName = TaskManagement;
			productReference = 946CEFE1281AC1BE0072CC03 /* TaskManagement.app */;
			productType = "com.apple.product-type.application";
		};
/* End PBXNativeTarget section */

/* Begin PBXProject section */
		946CEFD9281AC1BE0072CC03 /* Project object */ = {
			isa = PBXProject;
			attributes = {
				BuildIndependentTargetsInParallel = 1;
				LastSwiftUpdateCheck = 1330;
				LastUpgradeCheck = 1330;
				TargetAttributes = {
					946CEFE0281AC1BE0072CC03 = {
						CreatedOnToolsVersion = 13.3.1;
					};
				};
			};
			buildConfigurationList = 946CEFDC281AC1BE0072CC03 /* Build configuration list for PBXProject "TaskManagement" */;
			compatibilityVersion = "Xcode 13.0";
			developmentRegion = en;
			hasScannedForEncodings = 0;
			knownRegions = (
				en,
				Base,
			);
			mainGroup = 946CEFD8281AC1BE0072CC03;
			productRefGroup = 946CEFE2281AC1BE0072CC03 /* Products */;
			projectDirPath = "";
			projectRoot = "";
			targets = (
				946CEFE0281AC1BE0072CC03 /* TaskManagement */,
			);
		};
/* End PBXProject section */

/* Begin PBXResourcesBuildPhase section */
		946CEFDF281AC1BE0072CC03 /* Resources */ = {
			isa = PBXResourcesBuildPhase;
			buildActionMask = 2147483647;
			files = (
				946CEFEC281AC1C00072CC03 /* Preview Assets.xcassets in Resources */,
				946CEFE9281AC1C00072CC03 /* Assets.xcassets in Resources */,
			);
			runOnlyForDeploymentPostprocessing = 0;
		};
/* End PBXResourcesBuildPhase section */

/* Begin PBXSourcesBuildPhase section */
		946CEFDD281AC1BE0072CC03 /* Sources */ = {
			isa = PBXSourcesBuildPhase;
			buildActionMask = 2147483647;
			files = (
				946CEFFE281AC20A0072CC03 /* ViewExtension.swift in Sources */,
				946CEFFF281AC20A0072CC03 /* HomeView.swift in Sources */,
				946CF003281ACC230072CC03 /* NewTaskView.swift in Sources */,
				946CEFEE281AC1C00072CC03 /* Persistence.swift in Sources */,
				946CF001281AC83B0072CC03 /* DynamicFilteredView.swift in Sources */,
				946CEFE7281AC1BE0072CC03 /* ContentView.swift in Sources */,
				946CEFE5281AC1BE0072CC03 /* TaskManagementApp.swift in Sources */,
				946CEFFD281AC20A0072CC03 /* TaskViewModel.swift in Sources */,
				946CEFF1281AC1C00072CC03 /* TaskManagement.xcdatamodeld in Sources */,
			);
			runOnlyForDeploymentPostprocessing = 0;
		};
/* End PBXSourcesBuildPhase section */

/* Begin XCBuildConfiguration section */
		946CEFF2281AC1C00072CC03 /* Debug */ = {
			isa = XCBuildConfiguration;
			buildSettings = {
				ALWAYS_SEARCH_USER_PATHS = NO;
				CLANG_ANALYZER_NONNULL = YES;
				CLANG_ANALYZER_NUMBER_OBJECT_CONVERSION = YES_AGGRESSIVE;
				CLANG_CXX_LANGUAGE_STANDARD = "gnu++17";
				CLANG_ENABLE_MODULES = YES;
				CLANG_ENABLE_OBJC_ARC = YES;
				CLANG_ENABLE_OBJC_WEAK = YES;
				CLANG_WARN_BLOCK_CAPTURE_AUTORELEASING = YES;
				CLANG_WARN_BOOL_CONVERSION = YES;
				CLANG_WARN_COMMA = YES;
				CLANG_WARN_CONSTANT_CONVERSION = YES;
				CLANG_WARN_DEPRECATED_OBJC_IMPLEMENTATIONS = YES;
				CLANG_WARN_DIRECT_OBJC_ISA_USAGE = YES_ERROR;
				CLANG_WARN_DOCUMENTATION_COMMENTS = YES;
				CLANG_WARN_EMPTY_BODY = YES;
				CLANG_WARN_ENUM_CONVERSION = YES;
				CLANG_WARN_INFINITE_RECURSION = YES;
				CLANG_WARN_INT_CONVERSION = YES;
				CLANG_WARN_NON_LITERAL_NULL_CONVERSION = YES;
				CLANG_WARN_OBJC_IMPLICIT_RETAIN_SELF = YES;
				CLANG_WARN_OBJC_LITERAL_CONVERSION = YES;
				CLANG_WARN_OBJC_ROOT_CLASS = YES_ERROR;
				CLANG_WARN_QUOTED_INCLUDE_IN_FRAMEWORK_HEADER = YES;
				CLANG_WARN_RANGE_LOOP_ANALYSIS = YES;
				CLANG_WARN_STRICT_PROTOTYPES = YES;
				CLANG_WARN_SUSPICIOUS_MOVE = YES;
				CLANG_WARN_UNGUARDED_AVAILABILITY = YES_AGGRESSIVE;
				CLANG_WARN_UNREACHABLE_CODE = YES;
				CLANG_WARN__DUPLICATE_METHOD_MATCH = YES;
				COPY_PHASE_STRIP = NO;
				DEBUG_INFORMATION_FORMAT = dwarf;
				ENABLE_STRICT_OBJC_MSGSEND = YES;
				ENABLE_TESTABILITY = YES;
				GCC_C_LANGUAGE_STANDARD = gnu11;
				GCC_DYNAMIC_NO_PIC = NO;
				GCC_NO_COMMON_BLOCKS = YES;
				GCC_OPTIMIZATION_LEVEL = 0;
				GCC_PREPROCESSOR_DEFINITIONS = (
					"DEBUG=1",
					"$(inherited)",
				);
				GCC_WARN_64_TO_32_BIT_CONVERSION = YES;
				GCC_WARN_ABOUT_RETURN_TYPE = YES_ERROR;
				GCC_WARN_UNDECLARED_SELECTOR = YES;
				GCC_WARN_UNINITIALIZED_AUTOS = YES_AGGRESSIVE;
				GCC_WARN_UNUSED_FUNCTION = YES;
				GCC_WARN_UNUSED_VARIABLE = YES;
				IPHONEOS_DEPLOYMENT_TARGET = 15.4;
				MTL_ENABLE_DEBUG_INFO = INCLUDE_SOURCE;
				MTL_FAST_MATH = YES;
				ONLY_ACTIVE_ARCH = YES;
				SDKROOT = iphoneos;
				SWIFT_ACTIVE_COMPILATION_CONDITIONS = DEBUG;
				SWIFT_OPTIMIZATION_LEVEL = "-Onone";
			};
			name = Debug;
		};
		946CEFF3281AC1C00072CC03 /* Release */ = {
			isa = XCBuildConfiguration;
			buildSettings = {
				ALWAYS_SEARCH_USER_PATHS = NO;
				CLANG_ANALYZER_NONNULL = YES;
				CLANG_ANALYZER_NUMBER_OBJECT_CONVERSION = YES_AGGRESSIVE;
				CLANG_CXX_LANGUAGE_STANDARD = "gnu++17";
				CLANG_ENABLE_MODULES = YES;
				CLANG_ENABLE_OBJC_ARC = YES;
				CLANG_ENABLE_OBJC_WEAK = YES;
				CLANG_WARN_BLOCK_CAPTURE_AUTORELEASING = YES;
				CLANG_WARN_BOOL_CONVERSION = YES;
				CLANG_WARN_COMMA = YES;
				CLANG_WARN_CONSTANT_CONVERSION = YES;
				CLANG_WARN_DEPRECATED_OBJC_IMPLEMENTATIONS = YES;
				CLANG_WARN_DIRECT_OBJC_ISA_USAGE = YES_ERROR;
				CLANG_WARN_DOCUMENTATION_COMMENTS = YES;
				CLANG_WARN_EMPTY_BODY = YES;
				CLANG_WARN_ENUM_CONVERSION = YES;
				CLANG_WARN_INFINITE_RECURSION = YES;
				CLANG_WARN_INT_CONVERSION = YES;
				CLANG_WARN_NON_LITERAL_NULL_CONVERSION = YES;
				CLANG_WARN_OBJC_IMPLICIT_RETAIN_SELF = YES;
				CLANG_WARN_OBJC_LITERAL_CONVERSION = YES;
				CLANG_WARN_OBJC_ROOT_CLASS = YES_ERROR;
				CLANG_WARN_QUOTED_INCLUDE_IN_FRAMEWORK_HEADER = YES;
				CLANG_WARN_RANGE_LOOP_ANALYSIS = YES;
				CLANG_WARN_STRICT_PROTOTYPES = YES;
				CLANG_WARN_SUSPICIOUS_MOVE = YES;
				CLANG_WARN_UNGUARDED_AVAILABILITY = YES_AGGRESSIVE;
				CLANG_WARN_UNREACHABLE_CODE = YES;
				CLANG_WARN__DUPLICATE_METHOD_MATCH = YES;
				COPY_PHASE_STRIP = NO;
				DEBUG_INFORMATION_FORMAT = "dwarf-with-dsym";
				ENABLE_NS_ASSERTIONS = NO;
				ENABLE_STRICT_OBJC_MSGSEND = YES;
				GCC_C_LANGUAGE_STANDARD = gnu11;
				GCC_NO_COMMON_BLOCKS = YES;
				GCC_WARN_64_TO_32_BIT_CONVERSION = YES;
				GCC_WARN_ABOUT_RETURN_TYPE = YES_ERROR;
				GCC_WARN_UNDECLARED_SELECTOR = YES;
				GCC_WARN_UNINITIALIZED_AUTOS = YES_AGGRESSIVE;
				GCC_WARN_UNUSED_FUNCTION = YES;
				GCC_WARN_UNUSED_VARIABLE = YES;
				IPHONEOS_DEPLOYMENT_TARGET = 15.4;
				MTL_ENABLE_DEBUG_INFO = NO;
				MTL_FAST_MATH = YES;
				SDKROOT = iphoneos;
				SWIFT_COMPILATION_MODE = wholemodule;
				SWIFT_OPTIMIZATION_LEVEL = "-O";
				VALIDATE_PRODUCT = YES;
			};
			name = Release;
		};
		946CEFF5281AC1C00072CC03 /* Debug */ = {
			isa = XCBuildConfiguration;
			buildSettings = {
				ASSETCATALOG_COMPILER_APPICON_NAME = AppIcon;
				ASSETCATALOG_COMPILER_GLOBAL_ACCENT_COLOR_NAME = AccentColor;
				CODE_SIGN_STYLE = Automatic;
				CURRENT_PROJECT_VERSION = 1;
				DEVELOPMENT_ASSET_PATHS = "\"TaskManagement/Preview Content\"";
				ENABLE_PREVIEWS = YES;
				GENERATE_INFOPLIST_FILE = YES;
				INFOPLIST_KEY_UIApplicationSceneManifest_Generation = YES;
				INFOPLIST_KEY_UIApplicationSupportsIndirectInputEvents = YES;
				INFOPLIST_KEY_UILaunchScreen_Generation = YES;
				INFOPLIST_KEY_UISupportedInterfaceOrientations_iPad = "UIInterfaceOrientationPortrait UIInterfaceOrientationPortraitUpsideDown UIInterfaceOrientationLandscapeLeft UIInterfaceOrientationLandscapeRight";
				INFOPLIST_KEY_UISupportedInterfaceOrientations_iPhone = "UIInterfaceOrientationPortrait UIInterfaceOrientationLandscapeLeft UIInterfaceOrientationLandscapeRight";
				LD_RUNPATH_SEARCH_PATHS = (
					"$(inherited)",
					"@executable_path/Frameworks",
				);
				MARKETING_VERSION = 1.0;
				PRODUCT_BUNDLE_IDENTIFIER = com.KrickFire.TaskManagement;
				PRODUCT_NAME = "$(TARGET_NAME)";
				SWIFT_EMIT_LOC_STRINGS = YES;
				SWIFT_VERSION = 5.0;
				TARGETED_DEVICE_FAMILY = "1,2";
			};
			name = Debug;
		};
		946CEFF6281AC1C00072CC03 /* Release */ = {
			isa = XCBuildConfiguration;
			buildSettings = {
				ASSETCATALOG_COMPILER_APPICON_NAME = AppIcon;
				ASSETCATALOG_COMPILER_GLOBAL_ACCENT_COLOR_NAME = AccentColor;
				CODE_SIGN_STYLE = Automatic;
				CURRENT_PROJECT_VERSION = 1;
				DEVELOPMENT_ASSET_PATHS = "\"TaskManagement/Preview Content\"";
				ENABLE_PREVIEWS = YES;
				GENERATE_INFOPLIST_FILE = YES;
				INFOPLIST_KEY_UIApplicationSceneManifest_Generation = YES;
				INFOPLIST_KEY_UIApplicationSupportsIndirectInputEvents = YES;
				INFOPLIST_KEY_UILaunchScreen_Generation = YES;
				INFOPLIST_KEY_UISupportedInterfaceOrientations_iPad = "UIInterfaceOrientationPortrait UIInterfaceOrientationPortraitUpsideDown UIInterfaceOrientationLandscapeLeft UIInterfaceOrientationLandscapeRight";
				INFOPLIST_KEY_UISupportedInterfaceOrientations_iPhone = "UIInterfaceOrientationPortrait UIInterfaceOrientationLandscapeLeft UIInterfaceOrientationLandscapeRight";
				LD_RUNPATH_SEARCH_PATHS = (
					"$(inherited)",
					"@executable_path/Frameworks",
				);
				MARKETING_VERSION = 1.0;
				PRODUCT_BUNDLE_IDENTIFIER = com.KrickFire.TaskManagement;
				PRODUCT_NAME = "$(TARGET_NAME)";
				SWIFT_EMIT_LOC_STRINGS = YES;
				SWIFT_VERSION = 5.0;
				TARGETED_DEVICE_FAMILY = "1,2";
			};
			name = Release;
		};
/* End XCBuildConfiguration section */

/* Begin XCConfigurationList section */
		946CEFDC281AC1BE0072CC03 /* Build configuration list for PBXProject "TaskManagement" */ = {
			isa = XCConfigurationList;
			buildConfigurations = (
				946CEFF2281AC1C00072CC03 /* Debug */,
				946CEFF3281AC1C00072CC03 /* Release */,
			);
			defaultConfigurationIsVisible = 0;
			defaultConfigurationName = Release;
		};
		946CEFF4281AC1C00072CC03 /* Build configuration list for PBXNativeTarget "TaskManagement" */ = {
			isa = XCConfigurationList;
			buildConfigurations = (
				946CEFF5281AC1C00072CC03 /* Debug */,
				946CEFF6281AC1C00072CC03 /* Release */,
			);
			defaultConfigurationIsVisible = 0;
			defaultConfigurationName = Release;
		};
/* End XCConfigurationList section */

/* Begin XCVersionGroup section */
		946CEFEF281AC1C00072CC03 /* TaskManagement.xcdatamodeld */ = {
			isa = XCVersionGroup;
			children = (
				946CEFF0281AC1C00072CC03 /* TaskManagement.xcdatamodel */,
			);
			currentVersion = 946CEFF0281AC1C00072CC03 /* TaskManagement.xcdatamodel */;
			path = TaskManagement.xcdatamodeld;
			sourceTree = "<group>";
			versionGroupType = wrapper.xcdatamodel;
		};
/* End XCVersionGroup section */
	};
	rootObject = 946CEFD9281AC1BE0072CC03 /* Project object */;
}
